// !$*UTF8*$!
{
	archiveVersion = 1;
	classes = {
	};
	objectVersion = 55;
	objects = {

/* Begin PBXBuildFile section */
		50663DF6D0639E48BA70B89F /* Pods_FirechatTests.framework in Frameworks */ = {isa = PBXBuildFile; fileRef = 1D2C0499D4D3537E26086688 /* Pods_FirechatTests.framework */; };
		705C67B32735D06C003B181E /* OnboardingButton.swift in Sources */ = {isa = PBXBuildFile; fileRef = 705C67B22735D06C003B181E /* OnboardingButton.swift */; };
		705C67B52735D1B4003B181E /* OnboardingSwitchFlowButton.swift in Sources */ = {isa = PBXBuildFile; fileRef = 705C67B42735D1B4003B181E /* OnboardingSwitchFlowButton.swift */; };
		705C67B72735DB9F003B181E /* HighlightedButton.swift in Sources */ = {isa = PBXBuildFile; fileRef = 705C67B62735DB9F003B181E /* HighlightedButton.swift */; };
		70F736CA27355C2F0040B323 /* AppDelegate.swift in Sources */ = {isa = PBXBuildFile; fileRef = 70F736C927355C2F0040B323 /* AppDelegate.swift */; };
		70F736CC27355C2F0040B323 /* SceneDelegate.swift in Sources */ = {isa = PBXBuildFile; fileRef = 70F736CB27355C2F0040B323 /* SceneDelegate.swift */; };
		70F736CE27355C2F0040B323 /* ViewController.swift in Sources */ = {isa = PBXBuildFile; fileRef = 70F736CD27355C2F0040B323 /* ViewController.swift */; };
		70F736D127355C2F0040B323 /* Main.storyboard in Resources */ = {isa = PBXBuildFile; fileRef = 70F736CF27355C2F0040B323 /* Main.storyboard */; };
		70F736D327355C300040B323 /* Assets.xcassets in Resources */ = {isa = PBXBuildFile; fileRef = 70F736D227355C300040B323 /* Assets.xcassets */; };
		70F736D627355C300040B323 /* LaunchScreen.storyboard in Resources */ = {isa = PBXBuildFile; fileRef = 70F736D427355C300040B323 /* LaunchScreen.storyboard */; };
		70F736E127355C300040B323 /* FirechatTests.swift in Sources */ = {isa = PBXBuildFile; fileRef = 70F736E027355C300040B323 /* FirechatTests.swift */; };
		70F736EB27355C300040B323 /* FirechatUITests.swift in Sources */ = {isa = PBXBuildFile; fileRef = 70F736EA27355C300040B323 /* FirechatUITests.swift */; };
		70F736ED27355C300040B323 /* FirechatUITestsLaunchTests.swift in Sources */ = {isa = PBXBuildFile; fileRef = 70F736EC27355C300040B323 /* FirechatUITestsLaunchTests.swift */; };
		70F7370027355C800040B323 /* ConversationsControllerViewController.swift in Sources */ = {isa = PBXBuildFile; fileRef = 70F736FF27355C800040B323 /* ConversationsControllerViewController.swift */; };
		70F73703273569D80040B323 /* LoginController.swift in Sources */ = {isa = PBXBuildFile; fileRef = 70F73702273569D80040B323 /* LoginController.swift */; };
		70F73705273569E00040B323 /* RegistrationController.swift in Sources */ = {isa = PBXBuildFile; fileRef = 70F73704273569E00040B323 /* RegistrationController.swift */; };
		70F7370727356D2B0040B323 /* Extensions.swift in Sources */ = {isa = PBXBuildFile; fileRef = 70F7370627356D2B0040B323 /* Extensions.swift */; };
		70F73709273587300040B323 /* InputContainerView.swift in Sources */ = {isa = PBXBuildFile; fileRef = 70F73708273587300040B323 /* InputContainerView.swift */; };
		70F7370B27358B120040B323 /* InputContainerTextField.swift in Sources */ = {isa = PBXBuildFile; fileRef = 70F7370A27358B120040B323 /* InputContainerTextField.swift */; };
		70F7370D27358D840040B323 /* InputContainerImageView.swift in Sources */ = {isa = PBXBuildFile; fileRef = 70F7370C27358D840040B323 /* InputContainerImageView.swift */; };
		70F7599E2736BF5C0037C4FF /* LoginViewModel.swift in Sources */ = {isa = PBXBuildFile; fileRef = 70F7599D2736BF5C0037C4FF /* LoginViewModel.swift */; };
		70F759A02736CBE40037C4FF /* RegistrationViewModel.swift in Sources */ = {isa = PBXBuildFile; fileRef = 70F7599F2736CBE40037C4FF /* RegistrationViewModel.swift */; };
		70F759A52736CE170037C4FF /* FormValidationProtocol.swift in Sources */ = {isa = PBXBuildFile; fileRef = 70F759A42736CE170037C4FF /* FormValidationProtocol.swift */; };
		70F759A72736D6480037C4FF /* GoogleService-Info.plist in Resources */ = {isa = PBXBuildFile; fileRef = 70F759A62736D6480037C4FF /* GoogleService-Info.plist */; };
		C01B2D9B1A01FC20BB350B94 /* Pods_Firechat_FirechatUITests.framework in Frameworks */ = {isa = PBXBuildFile; fileRef = 6AADE9E499636533128D36F7 /* Pods_Firechat_FirechatUITests.framework */; };
		E16DB411C8652D1A30A6F0E3 /* Pods_Firechat.framework in Frameworks */ = {isa = PBXBuildFile; fileRef = 7988535A21579104DD38703A /* Pods_Firechat.framework */; };
/* End PBXBuildFile section */

/* Begin PBXContainerItemProxy section */
		70F736DD27355C300040B323 /* PBXContainerItemProxy */ = {
			isa = PBXContainerItemProxy;
			containerPortal = 70F736BE27355C2F0040B323 /* Project object */;
			proxyType = 1;
			remoteGlobalIDString = 70F736C527355C2F0040B323;
			remoteInfo = Firechat;
		};
		70F736E727355C300040B323 /* PBXContainerItemProxy */ = {
			isa = PBXContainerItemProxy;
			containerPortal = 70F736BE27355C2F0040B323 /* Project object */;
			proxyType = 1;
			remoteGlobalIDString = 70F736C527355C2F0040B323;
			remoteInfo = Firechat;
		};
/* End PBXContainerItemProxy section */

/* Begin PBXFileReference section */
		0CAD4816B7D07D2E752BFA2F /* Pods-Firechat.release.xcconfig */ = {isa = PBXFileReference; includeInIndex = 1; lastKnownFileType = text.xcconfig; name = "Pods-Firechat.release.xcconfig"; path = "Target Support Files/Pods-Firechat/Pods-Firechat.release.xcconfig"; sourceTree = "<group>"; };
		0F59109DC1016A6B08375A10 /* Pods-FirechatTests.release.xcconfig */ = {isa = PBXFileReference; includeInIndex = 1; lastKnownFileType = text.xcconfig; name = "Pods-FirechatTests.release.xcconfig"; path = "Target Support Files/Pods-FirechatTests/Pods-FirechatTests.release.xcconfig"; sourceTree = "<group>"; };
		1D2C0499D4D3537E26086688 /* Pods_FirechatTests.framework */ = {isa = PBXFileReference; explicitFileType = wrapper.framework; includeInIndex = 0; path = Pods_FirechatTests.framework; sourceTree = BUILT_PRODUCTS_DIR; };
		4280094A5D90C31160381CD6 /* Pods-Firechat.debug.xcconfig */ = {isa = PBXFileReference; includeInIndex = 1; lastKnownFileType = text.xcconfig; name = "Pods-Firechat.debug.xcconfig"; path = "Target Support Files/Pods-Firechat/Pods-Firechat.debug.xcconfig"; sourceTree = "<group>"; };
		6AADE9E499636533128D36F7 /* Pods_Firechat_FirechatUITests.framework */ = {isa = PBXFileReference; explicitFileType = wrapper.framework; includeInIndex = 0; path = Pods_Firechat_FirechatUITests.framework; sourceTree = BUILT_PRODUCTS_DIR; };
		705C67B22735D06C003B181E /* OnboardingButton.swift */ = {isa = PBXFileReference; lastKnownFileType = sourcecode.swift; path = OnboardingButton.swift; sourceTree = "<group>"; };
		705C67B42735D1B4003B181E /* OnboardingSwitchFlowButton.swift */ = {isa = PBXFileReference; lastKnownFileType = sourcecode.swift; path = OnboardingSwitchFlowButton.swift; sourceTree = "<group>"; };
		705C67B62735DB9F003B181E /* HighlightedButton.swift */ = {isa = PBXFileReference; lastKnownFileType = sourcecode.swift; path = HighlightedButton.swift; sourceTree = "<group>"; };
		70F736C627355C2F0040B323 /* Firechat.app */ = {isa = PBXFileReference; explicitFileType = wrapper.application; includeInIndex = 0; path = Firechat.app; sourceTree = BUILT_PRODUCTS_DIR; };
		70F736C927355C2F0040B323 /* AppDelegate.swift */ = {isa = PBXFileReference; lastKnownFileType = sourcecode.swift; path = AppDelegate.swift; sourceTree = "<group>"; };
		70F736CB27355C2F0040B323 /* SceneDelegate.swift */ = {isa = PBXFileReference; lastKnownFileType = sourcecode.swift; path = SceneDelegate.swift; sourceTree = "<group>"; };
		70F736CD27355C2F0040B323 /* ViewController.swift */ = {isa = PBXFileReference; lastKnownFileType = sourcecode.swift; path = ViewController.swift; sourceTree = "<group>"; };
		70F736D027355C2F0040B323 /* Base */ = {isa = PBXFileReference; lastKnownFileType = file.storyboard; name = Base; path = Base.lproj/Main.storyboard; sourceTree = "<group>"; };
		70F736D227355C300040B323 /* Assets.xcassets */ = {isa = PBXFileReference; lastKnownFileType = folder.assetcatalog; path = Assets.xcassets; sourceTree = "<group>"; };
		70F736D527355C300040B323 /* Base */ = {isa = PBXFileReference; lastKnownFileType = file.storyboard; name = Base; path = Base.lproj/LaunchScreen.storyboard; sourceTree = "<group>"; };
		70F736D727355C300040B323 /* Info.plist */ = {isa = PBXFileReference; lastKnownFileType = text.plist.xml; path = Info.plist; sourceTree = "<group>"; };
		70F736DC27355C300040B323 /* FirechatTests.xctest */ = {isa = PBXFileReference; explicitFileType = wrapper.cfbundle; includeInIndex = 0; path = FirechatTests.xctest; sourceTree = BUILT_PRODUCTS_DIR; };
		70F736E027355C300040B323 /* FirechatTests.swift */ = {isa = PBXFileReference; lastKnownFileType = sourcecode.swift; path = FirechatTests.swift; sourceTree = "<group>"; };
		70F736E627355C300040B323 /* FirechatUITests.xctest */ = {isa = PBXFileReference; explicitFileType = wrapper.cfbundle; includeInIndex = 0; path = FirechatUITests.xctest; sourceTree = BUILT_PRODUCTS_DIR; };
		70F736EA27355C300040B323 /* FirechatUITests.swift */ = {isa = PBXFileReference; lastKnownFileType = sourcecode.swift; path = FirechatUITests.swift; sourceTree = "<group>"; };
		70F736EC27355C300040B323 /* FirechatUITestsLaunchTests.swift */ = {isa = PBXFileReference; lastKnownFileType = sourcecode.swift; path = FirechatUITestsLaunchTests.swift; sourceTree = "<group>"; };
		70F736FF27355C800040B323 /* ConversationsControllerViewController.swift */ = {isa = PBXFileReference; lastKnownFileType = sourcecode.swift; path = ConversationsControllerViewController.swift; sourceTree = "<group>"; };
		70F73702273569D80040B323 /* LoginController.swift */ = {isa = PBXFileReference; lastKnownFileType = sourcecode.swift; path = LoginController.swift; sourceTree = "<group>"; };
		70F73704273569E00040B323 /* RegistrationController.swift */ = {isa = PBXFileReference; lastKnownFileType = sourcecode.swift; path = RegistrationController.swift; sourceTree = "<group>"; };
		70F7370627356D2B0040B323 /* Extensions.swift */ = {isa = PBXFileReference; lastKnownFileType = sourcecode.swift; path = Extensions.swift; sourceTree = "<group>"; };
		70F73708273587300040B323 /* InputContainerView.swift */ = {isa = PBXFileReference; lastKnownFileType = sourcecode.swift; path = InputContainerView.swift; sourceTree = "<group>"; };
		70F7370A27358B120040B323 /* InputContainerTextField.swift */ = {isa = PBXFileReference; lastKnownFileType = sourcecode.swift; path = InputContainerTextField.swift; sourceTree = "<group>"; };
		70F7370C27358D840040B323 /* InputContainerImageView.swift */ = {isa = PBXFileReference; lastKnownFileType = sourcecode.swift; path = InputContainerImageView.swift; sourceTree = "<group>"; };
		70F7599D2736BF5C0037C4FF /* LoginViewModel.swift */ = {isa = PBXFileReference; lastKnownFileType = sourcecode.swift; name = LoginViewModel.swift; path = Firechat/ViewModel/Authentication/LoginViewModel.swift; sourceTree = SOURCE_ROOT; };
		70F7599F2736CBE40037C4FF /* RegistrationViewModel.swift */ = {isa = PBXFileReference; lastKnownFileType = sourcecode.swift; name = RegistrationViewModel.swift; path = Firechat/ViewModel/Authentication/RegistrationViewModel.swift; sourceTree = SOURCE_ROOT; };
		70F759A42736CE170037C4FF /* FormValidationProtocol.swift */ = {isa = PBXFileReference; fileEncoding = 4; lastKnownFileType = sourcecode.swift; path = FormValidationProtocol.swift; sourceTree = "<group>"; };
		70F759A62736D6480037C4FF /* GoogleService-Info.plist */ = {isa = PBXFileReference; fileEncoding = 4; lastKnownFileType = text.plist.xml; path = "GoogleService-Info.plist"; sourceTree = "<group>"; };
		7988535A21579104DD38703A /* Pods_Firechat.framework */ = {isa = PBXFileReference; explicitFileType = wrapper.framework; includeInIndex = 0; path = Pods_Firechat.framework; sourceTree = BUILT_PRODUCTS_DIR; };
		7FD8DDC439192FD3297AC6F9 /* Pods-FirechatTests.debug.xcconfig */ = {isa = PBXFileReference; includeInIndex = 1; lastKnownFileType = text.xcconfig; name = "Pods-FirechatTests.debug.xcconfig"; path = "Target Support Files/Pods-FirechatTests/Pods-FirechatTests.debug.xcconfig"; sourceTree = "<group>"; };
		D3BBB4BE0D7F3A809190E9C1 /* Pods-Firechat-FirechatUITests.debug.xcconfig */ = {isa = PBXFileReference; includeInIndex = 1; lastKnownFileType = text.xcconfig; name = "Pods-Firechat-FirechatUITests.debug.xcconfig"; path = "Target Support Files/Pods-Firechat-FirechatUITests/Pods-Firechat-FirechatUITests.debug.xcconfig"; sourceTree = "<group>"; };
		F29C31E0AD1A3DD8E8F1EE42 /* Pods-Firechat-FirechatUITests.release.xcconfig */ = {isa = PBXFileReference; includeInIndex = 1; lastKnownFileType = text.xcconfig; name = "Pods-Firechat-FirechatUITests.release.xcconfig"; path = "Target Support Files/Pods-Firechat-FirechatUITests/Pods-Firechat-FirechatUITests.release.xcconfig"; sourceTree = "<group>"; };
/* End PBXFileReference section */

/* Begin PBXFrameworksBuildPhase section */
		70F736C327355C2F0040B323 /* Frameworks */ = {
			isa = PBXFrameworksBuildPhase;
			buildActionMask = 2147483647;
			files = (
				E16DB411C8652D1A30A6F0E3 /* Pods_Firechat.framework in Frameworks */,
			);
			runOnlyForDeploymentPostprocessing = 0;
		};
		70F736D927355C300040B323 /* Frameworks */ = {
			isa = PBXFrameworksBuildPhase;
			buildActionMask = 2147483647;
			files = (
				50663DF6D0639E48BA70B89F /* Pods_FirechatTests.framework in Frameworks */,
			);
			runOnlyForDeploymentPostprocessing = 0;
		};
		70F736E327355C300040B323 /* Frameworks */ = {
			isa = PBXFrameworksBuildPhase;
			buildActionMask = 2147483647;
			files = (
				C01B2D9B1A01FC20BB350B94 /* Pods_Firechat_FirechatUITests.framework in Frameworks */,
			);
			runOnlyForDeploymentPostprocessing = 0;
		};
/* End PBXFrameworksBuildPhase section */

/* Begin PBXGroup section */
		2C5CC945C69D8B0306E389F7 /* Frameworks */ = {
			isa = PBXGroup;
			children = (
				7988535A21579104DD38703A /* Pods_Firechat.framework */,
				6AADE9E499636533128D36F7 /* Pods_Firechat_FirechatUITests.framework */,
				1D2C0499D4D3537E26086688 /* Pods_FirechatTests.framework */,
			);
			name = Frameworks;
			sourceTree = "<group>";
		};
		70F736BD27355C2F0040B323 = {
			isa = PBXGroup;
			children = (
				70F736C827355C2F0040B323 /* Firechat */,
				70F736DF27355C300040B323 /* FirechatTests */,
				70F736E927355C300040B323 /* FirechatUITests */,
				70F736C727355C2F0040B323 /* Products */,
				AD7D501020F8AE162C6C0C1B /* Pods */,
				2C5CC945C69D8B0306E389F7 /* Frameworks */,
			);
			sourceTree = "<group>";
		};
		70F736C727355C2F0040B323 /* Products */ = {
			isa = PBXGroup;
			children = (
				70F736C627355C2F0040B323 /* Firechat.app */,
				70F736DC27355C300040B323 /* FirechatTests.xctest */,
				70F736E627355C300040B323 /* FirechatUITests.xctest */,
			);
			name = Products;
			sourceTree = "<group>";
		};
		70F736C827355C2F0040B323 /* Firechat */ = {
			isa = PBXGroup;
			children = (
				70F736FE27355C690040B323 /* Utils */,
				70F736FD27355C510040B323 /* Model */,
				70F736FC27355C4A0040B323 /* API */,
				70F736FB27355C450040B323 /* Controller */,
				70F736FA27355C400040B323 /* ViewModel */,
				70F736F927355C3A0040B323 /* View */,
				70F736C927355C2F0040B323 /* AppDelegate.swift */,
				70F736CB27355C2F0040B323 /* SceneDelegate.swift */,
				70F736CD27355C2F0040B323 /* ViewController.swift */,
				70F736CF27355C2F0040B323 /* Main.storyboard */,
				70F736D227355C300040B323 /* Assets.xcassets */,
				70F736D427355C300040B323 /* LaunchScreen.storyboard */,
				70F759A62736D6480037C4FF /* GoogleService-Info.plist */,
				70F736D727355C300040B323 /* Info.plist */,
			);
			path = Firechat;
			sourceTree = "<group>";
		};
		70F736DF27355C300040B323 /* FirechatTests */ = {
			isa = PBXGroup;
			children = (
				70F736E027355C300040B323 /* FirechatTests.swift */,
			);
			path = FirechatTests;
			sourceTree = "<group>";
		};
		70F736E927355C300040B323 /* FirechatUITests */ = {
			isa = PBXGroup;
			children = (
				70F736EA27355C300040B323 /* FirechatUITests.swift */,
				70F736EC27355C300040B323 /* FirechatUITestsLaunchTests.swift */,
			);
			path = FirechatUITests;
			sourceTree = "<group>";
		};
		70F736F927355C3A0040B323 /* View */ = {
			isa = PBXGroup;
			children = (
				70F73708273587300040B323 /* InputContainerView.swift */,
				70F7370A27358B120040B323 /* InputContainerTextField.swift */,
				70F7370C27358D840040B323 /* InputContainerImageView.swift */,
				705C67B22735D06C003B181E /* OnboardingButton.swift */,
				705C67B42735D1B4003B181E /* OnboardingSwitchFlowButton.swift */,
				705C67B62735DB9F003B181E /* HighlightedButton.swift */,
			);
			path = View;
			sourceTree = "<group>";
		};
		70F736FA27355C400040B323 /* ViewModel */ = {
			isa = PBXGroup;
			children = (
				70F759A12736CBF50037C4FF /* Authentication */,
			);
			path = ViewModel;
			sourceTree = "<group>";
		};
		70F736FB27355C450040B323 /* Controller */ = {
			isa = PBXGroup;
			children = (
				70F73701273569CB0040B323 /* Authentication */,
				70F736FF27355C800040B323 /* ConversationsControllerViewController.swift */,
			);
			path = Controller;
			sourceTree = "<group>";
		};
		70F736FC27355C4A0040B323 /* API */ = {
			isa = PBXGroup;
			children = (
			);
			path = API;
			sourceTree = "<group>";
		};
		70F736FD27355C510040B323 /* Model */ = {
			isa = PBXGroup;
			children = (
				70F759A42736CE170037C4FF /* FormValidationProtocol.swift */,
			);
			path = Model;
			sourceTree = "<group>";
		};
		70F736FE27355C690040B323 /* Utils */ = {
			isa = PBXGroup;
			children = (
				70F7370627356D2B0040B323 /* Extensions.swift */,
			);
			path = Utils;
			sourceTree = "<group>";
		};
		70F73701273569CB0040B323 /* Authentication */ = {
			isa = PBXGroup;
			children = (
				70F73702273569D80040B323 /* LoginController.swift */,
				70F73704273569E00040B323 /* RegistrationController.swift */,
			);
			path = Authentication;
			sourceTree = "<group>";
		};
		70F759A12736CBF50037C4FF /* Authentication */ = {
			isa = PBXGroup;
			children = (
				70F7599D2736BF5C0037C4FF /* LoginViewModel.swift */,
				70F7599F2736CBE40037C4FF /* RegistrationViewModel.swift */,
			);
			path = Authentication;
			sourceTree = "<group>";
		};
		AD7D501020F8AE162C6C0C1B /* Pods */ = {
			isa = PBXGroup;
			children = (
				4280094A5D90C31160381CD6 /* Pods-Firechat.debug.xcconfig */,
				0CAD4816B7D07D2E752BFA2F /* Pods-Firechat.release.xcconfig */,
				D3BBB4BE0D7F3A809190E9C1 /* Pods-Firechat-FirechatUITests.debug.xcconfig */,
				F29C31E0AD1A3DD8E8F1EE42 /* Pods-Firechat-FirechatUITests.release.xcconfig */,
				7FD8DDC439192FD3297AC6F9 /* Pods-FirechatTests.debug.xcconfig */,
				0F59109DC1016A6B08375A10 /* Pods-FirechatTests.release.xcconfig */,
			);
			name = Pods;
			path = Pods;
			sourceTree = "<group>";
		};
/* End PBXGroup section */

/* Begin PBXNativeTarget section */
		70F736C527355C2F0040B323 /* Firechat */ = {
			isa = PBXNativeTarget;
			buildConfigurationList = 70F736F027355C300040B323 /* Build configuration list for PBXNativeTarget "Firechat" */;
			buildPhases = (
				D46DD49FD4D6195A0DE24E52 /* [CP] Check Pods Manifest.lock */,
				70F736C227355C2F0040B323 /* Sources */,
				70F736C327355C2F0040B323 /* Frameworks */,
				70F736C427355C2F0040B323 /* Resources */,
				A799274D4A14630FB800C5A6 /* [CP] Embed Pods Frameworks */,
			);
			buildRules = (
			);
			dependencies = (
			);
			name = Firechat;
			productName = Firechat;
			productReference = 70F736C627355C2F0040B323 /* Firechat.app */;
			productType = "com.apple.product-type.application";
		};
		70F736DB27355C300040B323 /* FirechatTests */ = {
			isa = PBXNativeTarget;
			buildConfigurationList = 70F736F327355C300040B323 /* Build configuration list for PBXNativeTarget "FirechatTests" */;
			buildPhases = (
				80B0A49C58B307F6BAE0E98C /* [CP] Check Pods Manifest.lock */,
				70F736D827355C300040B323 /* Sources */,
				70F736D927355C300040B323 /* Frameworks */,
				70F736DA27355C300040B323 /* Resources */,
			);
			buildRules = (
			);
			dependencies = (
				70F736DE27355C300040B323 /* PBXTargetDependency */,
			);
			name = FirechatTests;
			productName = FirechatTests;
			productReference = 70F736DC27355C300040B323 /* FirechatTests.xctest */;
			productType = "com.apple.product-type.bundle.unit-test";
		};
		70F736E527355C300040B323 /* FirechatUITests */ = {
			isa = PBXNativeTarget;
			buildConfigurationList = 70F736F627355C300040B323 /* Build configuration list for PBXNativeTarget "FirechatUITests" */;
			buildPhases = (
				1B0ECACFA250B12271B8BCA8 /* [CP] Check Pods Manifest.lock */,
				70F736E227355C300040B323 /* Sources */,
				70F736E327355C300040B323 /* Frameworks */,
				70F736E427355C300040B323 /* Resources */,
				01184CBDC6E0830D7547AC7B /* [CP] Embed Pods Frameworks */,
			);
			buildRules = (
			);
			dependencies = (
				70F736E827355C300040B323 /* PBXTargetDependency */,
			);
			name = FirechatUITests;
			productName = FirechatUITests;
			productReference = 70F736E627355C300040B323 /* FirechatUITests.xctest */;
			productType = "com.apple.product-type.bundle.ui-testing";
		};
/* End PBXNativeTarget section */

/* Begin PBXProject section */
		70F736BE27355C2F0040B323 /* Project object */ = {
			isa = PBXProject;
			attributes = {
				BuildIndependentTargetsInParallel = 1;
				LastSwiftUpdateCheck = 1310;
				LastUpgradeCheck = 1310;
				TargetAttributes = {
					70F736C527355C2F0040B323 = {
						CreatedOnToolsVersion = 13.1;
					};
					70F736DB27355C300040B323 = {
						CreatedOnToolsVersion = 13.1;
						TestTargetID = 70F736C527355C2F0040B323;
					};
					70F736E527355C300040B323 = {
						CreatedOnToolsVersion = 13.1;
						TestTargetID = 70F736C527355C2F0040B323;
					};
				};
			};
			buildConfigurationList = 70F736C127355C2F0040B323 /* Build configuration list for PBXProject "Firechat" */;
			compatibilityVersion = "Xcode 13.0";
			developmentRegion = en;
			hasScannedForEncodings = 0;
			knownRegions = (
				en,
				Base,
			);
			mainGroup = 70F736BD27355C2F0040B323;
			productRefGroup = 70F736C727355C2F0040B323 /* Products */;
			projectDirPath = "";
			projectRoot = "";
			targets = (
				70F736C527355C2F0040B323 /* Firechat */,
				70F736DB27355C300040B323 /* FirechatTests */,
				70F736E527355C300040B323 /* FirechatUITests */,
			);
		};
/* End PBXProject section */

/* Begin PBXResourcesBuildPhase section */
		70F736C427355C2F0040B323 /* Resources */ = {
			isa = PBXResourcesBuildPhase;
			buildActionMask = 2147483647;
			files = (
				70F736D627355C300040B323 /* LaunchScreen.storyboard in Resources */,
				70F759A72736D6480037C4FF /* GoogleService-Info.plist in Resources */,
				70F736D327355C300040B323 /* Assets.xcassets in Resources */,
				70F736D127355C2F0040B323 /* Main.storyboard in Resources */,
			);
			runOnlyForDeploymentPostprocessing = 0;
		};
		70F736DA27355C300040B323 /* Resources */ = {
			isa = PBXResourcesBuildPhase;
			buildActionMask = 2147483647;
			files = (
			);
			runOnlyForDeploymentPostprocessing = 0;
		};
		70F736E427355C300040B323 /* Resources */ = {
			isa = PBXResourcesBuildPhase;
			buildActionMask = 2147483647;
			files = (
			);
			runOnlyForDeploymentPostprocessing = 0;
		};
/* End PBXResourcesBuildPhase section */

/* Begin PBXShellScriptBuildPhase section */
		01184CBDC6E0830D7547AC7B /* [CP] Embed Pods Frameworks */ = {
			isa = PBXShellScriptBuildPhase;
			buildActionMask = 2147483647;
			files = (
			);
			inputFileListPaths = (
				"${PODS_ROOT}/Target Support Files/Pods-Firechat-FirechatUITests/Pods-Firechat-FirechatUITests-frameworks-${CONFIGURATION}-input-files.xcfilelist",
			);
			name = "[CP] Embed Pods Frameworks";
			outputFileListPaths = (
				"${PODS_ROOT}/Target Support Files/Pods-Firechat-FirechatUITests/Pods-Firechat-FirechatUITests-frameworks-${CONFIGURATION}-output-files.xcfilelist",
			);
			runOnlyForDeploymentPostprocessing = 0;
			shellPath = /bin/sh;
			shellScript = "\"${PODS_ROOT}/Target Support Files/Pods-Firechat-FirechatUITests/Pods-Firechat-FirechatUITests-frameworks.sh\"\n";
			showEnvVarsInLog = 0;
		};
		1B0ECACFA250B12271B8BCA8 /* [CP] Check Pods Manifest.lock */ = {
			isa = PBXShellScriptBuildPhase;
			buildActionMask = 2147483647;
			files = (
			);
			inputFileListPaths = (
			);
			inputPaths = (
				"${PODS_PODFILE_DIR_PATH}/Podfile.lock",
				"${PODS_ROOT}/Manifest.lock",
			);
			name = "[CP] Check Pods Manifest.lock";
			outputFileListPaths = (
			);
			outputPaths = (
				"$(DERIVED_FILE_DIR)/Pods-Firechat-FirechatUITests-checkManifestLockResult.txt",
			);
			runOnlyForDeploymentPostprocessing = 0;
			shellPath = /bin/sh;
			shellScript = "diff \"${PODS_PODFILE_DIR_PATH}/Podfile.lock\" \"${PODS_ROOT}/Manifest.lock\" > /dev/null\nif [ $? != 0 ] ; then\n    # print error to STDERR\n    echo \"error: The sandbox is not in sync with the Podfile.lock. Run 'pod install' or update your CocoaPods installation.\" >&2\n    exit 1\nfi\n# This output is used by Xcode 'outputs' to avoid re-running this script phase.\necho \"SUCCESS\" > \"${SCRIPT_OUTPUT_FILE_0}\"\n";
			showEnvVarsInLog = 0;
		};
		80B0A49C58B307F6BAE0E98C /* [CP] Check Pods Manifest.lock */ = {
			isa = PBXShellScriptBuildPhase;
			buildActionMask = 2147483647;
			files = (
			);
			inputFileListPaths = (
			);
			inputPaths = (
				"${PODS_PODFILE_DIR_PATH}/Podfile.lock",
				"${PODS_ROOT}/Manifest.lock",
			);
			name = "[CP] Check Pods Manifest.lock";
			outputFileListPaths = (
			);
			outputPaths = (
				"$(DERIVED_FILE_DIR)/Pods-FirechatTests-checkManifestLockResult.txt",
			);
			runOnlyForDeploymentPostprocessing = 0;
			shellPath = /bin/sh;
			shellScript = "diff \"${PODS_PODFILE_DIR_PATH}/Podfile.lock\" \"${PODS_ROOT}/Manifest.lock\" > /dev/null\nif [ $? != 0 ] ; then\n    # print error to STDERR\n    echo \"error: The sandbox is not in sync with the Podfile.lock. Run 'pod install' or update your CocoaPods installation.\" >&2\n    exit 1\nfi\n# This output is used by Xcode 'outputs' to avoid re-running this script phase.\necho \"SUCCESS\" > \"${SCRIPT_OUTPUT_FILE_0}\"\n";
			showEnvVarsInLog = 0;
		};
		A799274D4A14630FB800C5A6 /* [CP] Embed Pods Frameworks */ = {
			isa = PBXShellScriptBuildPhase;
			buildActionMask = 2147483647;
			files = (
			);
			inputFileListPaths = (
				"${PODS_ROOT}/Target Support Files/Pods-Firechat/Pods-Firechat-frameworks-${CONFIGURATION}-input-files.xcfilelist",
			);
			name = "[CP] Embed Pods Frameworks";
			outputFileListPaths = (
				"${PODS_ROOT}/Target Support Files/Pods-Firechat/Pods-Firechat-frameworks-${CONFIGURATION}-output-files.xcfilelist",
			);
			runOnlyForDeploymentPostprocessing = 0;
			shellPath = /bin/sh;
			shellScript = "\"${PODS_ROOT}/Target Support Files/Pods-Firechat/Pods-Firechat-frameworks.sh\"\n";
			showEnvVarsInLog = 0;
		};
		D46DD49FD4D6195A0DE24E52 /* [CP] Check Pods Manifest.lock */ = {
			isa = PBXShellScriptBuildPhase;
			buildActionMask = 2147483647;
			files = (
			);
			inputFileListPaths = (
			);
			inputPaths = (
				"${PODS_PODFILE_DIR_PATH}/Podfile.lock",
				"${PODS_ROOT}/Manifest.lock",
			);
			name = "[CP] Check Pods Manifest.lock";
			outputFileListPaths = (
			);
			outputPaths = (
				"$(DERIVED_FILE_DIR)/Pods-Firechat-checkManifestLockResult.txt",
			);
			runOnlyForDeploymentPostprocessing = 0;
			shellPath = /bin/sh;
			shellScript = "diff \"${PODS_PODFILE_DIR_PATH}/Podfile.lock\" \"${PODS_ROOT}/Manifest.lock\" > /dev/null\nif [ $? != 0 ] ; then\n    # print error to STDERR\n    echo \"error: The sandbox is not in sync with the Podfile.lock. Run 'pod install' or update your CocoaPods installation.\" >&2\n    exit 1\nfi\n# This output is used by Xcode 'outputs' to avoid re-running this script phase.\necho \"SUCCESS\" > \"${SCRIPT_OUTPUT_FILE_0}\"\n";
			showEnvVarsInLog = 0;
		};
/* End PBXShellScriptBuildPhase section */

/* Begin PBXSourcesBuildPhase section */
		70F736C227355C2F0040B323 /* Sources */ = {
			isa = PBXSourcesBuildPhase;
			buildActionMask = 2147483647;
			files = (
				705C67B52735D1B4003B181E /* OnboardingSwitchFlowButton.swift in Sources */,
				70F736CE27355C2F0040B323 /* ViewController.swift in Sources */,
				70F73709273587300040B323 /* InputContainerView.swift in Sources */,
				70F7370B27358B120040B323 /* InputContainerTextField.swift in Sources */,
				70F7370D27358D840040B323 /* InputContainerImageView.swift in Sources */,
				70F736CA27355C2F0040B323 /* AppDelegate.swift in Sources */,
				70F7599E2736BF5C0037C4FF /* LoginViewModel.swift in Sources */,
				70F736CC27355C2F0040B323 /* SceneDelegate.swift in Sources */,
				70F759A52736CE170037C4FF /* FormValidationProtocol.swift in Sources */,
				70F7370027355C800040B323 /* ConversationsControllerViewController.swift in Sources */,
				70F73705273569E00040B323 /* RegistrationController.swift in Sources */,
				70F759A02736CBE40037C4FF /* RegistrationViewModel.swift in Sources */,
				705C67B72735DB9F003B181E /* HighlightedButton.swift in Sources */,
				70F73703273569D80040B323 /* LoginController.swift in Sources */,
				705C67B32735D06C003B181E /* OnboardingButton.swift in Sources */,
				70F7370727356D2B0040B323 /* Extensions.swift in Sources */,
			);
			runOnlyForDeploymentPostprocessing = 0;
		};
		70F736D827355C300040B323 /* Sources */ = {
			isa = PBXSourcesBuildPhase;
			buildActionMask = 2147483647;
			files = (
				70F736E127355C300040B323 /* FirechatTests.swift in Sources */,
			);
			runOnlyForDeploymentPostprocessing = 0;
		};
		70F736E227355C300040B323 /* Sources */ = {
			isa = PBXSourcesBuildPhase;
			buildActionMask = 2147483647;
			files = (
				70F736ED27355C300040B323 /* FirechatUITestsLaunchTests.swift in Sources */,
				70F736EB27355C300040B323 /* FirechatUITests.swift in Sources */,
			);
			runOnlyForDeploymentPostprocessing = 0;
		};
/* End PBXSourcesBuildPhase section */

/* Begin PBXTargetDependency section */
		70F736DE27355C300040B323 /* PBXTargetDependency */ = {
			isa = PBXTargetDependency;
			target = 70F736C527355C2F0040B323 /* Firechat */;
			targetProxy = 70F736DD27355C300040B323 /* PBXContainerItemProxy */;
		};
		70F736E827355C300040B323 /* PBXTargetDependency */ = {
			isa = PBXTargetDependency;
			target = 70F736C527355C2F0040B323 /* Firechat */;
			targetProxy = 70F736E727355C300040B323 /* PBXContainerItemProxy */;
		};
/* End PBXTargetDependency section */

/* Begin PBXVariantGroup section */
		70F736CF27355C2F0040B323 /* Main.storyboard */ = {
			isa = PBXVariantGroup;
			children = (
				70F736D027355C2F0040B323 /* Base */,
			);
			name = Main.storyboard;
			sourceTree = "<group>";
		};
		70F736D427355C300040B323 /* LaunchScreen.storyboard */ = {
			isa = PBXVariantGroup;
			children = (
				70F736D527355C300040B323 /* Base */,
			);
			name = LaunchScreen.storyboard;
			sourceTree = "<group>";
		};
/* End PBXVariantGroup section */

/* Begin XCBuildConfiguration section */
		70F736EE27355C300040B323 /* Debug */ = {
			isa = XCBuildConfiguration;
			buildSettings = {
				ALWAYS_SEARCH_USER_PATHS = NO;
				CLANG_ANALYZER_NONNULL = YES;
				CLANG_ANALYZER_NUMBER_OBJECT_CONVERSION = YES_AGGRESSIVE;
				CLANG_CXX_LANGUAGE_STANDARD = "gnu++17";
				CLANG_CXX_LIBRARY = "libc++";
				CLANG_ENABLE_MODULES = YES;
				CLANG_ENABLE_OBJC_ARC = YES;
				CLANG_ENABLE_OBJC_WEAK = YES;
				CLANG_WARN_BLOCK_CAPTURE_AUTORELEASING = YES;
				CLANG_WARN_BOOL_CONVERSION = YES;
				CLANG_WARN_COMMA = YES;
				CLANG_WARN_CONSTANT_CONVERSION = YES;
				CLANG_WARN_DEPRECATED_OBJC_IMPLEMENTATIONS = YES;
				CLANG_WARN_DIRECT_OBJC_ISA_USAGE = YES_ERROR;
				CLANG_WARN_DOCUMENTATION_COMMENTS = YES;
				CLANG_WARN_EMPTY_BODY = YES;
				CLANG_WARN_ENUM_CONVERSION = YES;
				CLANG_WARN_INFINITE_RECURSION = YES;
				CLANG_WARN_INT_CONVERSION = YES;
				CLANG_WARN_NON_LITERAL_NULL_CONVERSION = YES;
				CLANG_WARN_OBJC_IMPLICIT_RETAIN_SELF = YES;
				CLANG_WARN_OBJC_LITERAL_CONVERSION = YES;
				CLANG_WARN_OBJC_ROOT_CLASS = YES_ERROR;
				CLANG_WARN_QUOTED_INCLUDE_IN_FRAMEWORK_HEADER = YES;
				CLANG_WARN_RANGE_LOOP_ANALYSIS = YES;
				CLANG_WARN_STRICT_PROTOTYPES = YES;
				CLANG_WARN_SUSPICIOUS_MOVE = YES;
				CLANG_WARN_UNGUARDED_AVAILABILITY = YES_AGGRESSIVE;
				CLANG_WARN_UNREACHABLE_CODE = YES;
				CLANG_WARN__DUPLICATE_METHOD_MATCH = YES;
				COPY_PHASE_STRIP = NO;
				DEBUG_INFORMATION_FORMAT = dwarf;
				ENABLE_STRICT_OBJC_MSGSEND = YES;
				ENABLE_TESTABILITY = YES;
				GCC_C_LANGUAGE_STANDARD = gnu11;
				GCC_DYNAMIC_NO_PIC = NO;
				GCC_NO_COMMON_BLOCKS = YES;
				GCC_OPTIMIZATION_LEVEL = 0;
				GCC_PREPROCESSOR_DEFINITIONS = (
					"DEBUG=1",
					"$(inherited)",
				);
				GCC_WARN_64_TO_32_BIT_CONVERSION = YES;
				GCC_WARN_ABOUT_RETURN_TYPE = YES_ERROR;
				GCC_WARN_UNDECLARED_SELECTOR = YES;
				GCC_WARN_UNINITIALIZED_AUTOS = YES_AGGRESSIVE;
				GCC_WARN_UNUSED_FUNCTION = YES;
				GCC_WARN_UNUSED_VARIABLE = YES;
				IPHONEOS_DEPLOYMENT_TARGET = 15.0;
				MTL_ENABLE_DEBUG_INFO = INCLUDE_SOURCE;
				MTL_FAST_MATH = YES;
				ONLY_ACTIVE_ARCH = YES;
				SDKROOT = iphoneos;
				SWIFT_ACTIVE_COMPILATION_CONDITIONS = DEBUG;
				SWIFT_OPTIMIZATION_LEVEL = "-Onone";
			};
			name = Debug;
		};
		70F736EF27355C300040B323 /* Release */ = {
			isa = XCBuildConfiguration;
			buildSettings = {
				ALWAYS_SEARCH_USER_PATHS = NO;
				CLANG_ANALYZER_NONNULL = YES;
				CLANG_ANALYZER_NUMBER_OBJECT_CONVERSION = YES_AGGRESSIVE;
				CLANG_CXX_LANGUAGE_STANDARD = "gnu++17";
				CLANG_CXX_LIBRARY = "libc++";
				CLANG_ENABLE_MODULES = YES;
				CLANG_ENABLE_OBJC_ARC = YES;
				CLANG_ENABLE_OBJC_WEAK = YES;
				CLANG_WARN_BLOCK_CAPTURE_AUTORELEASING = YES;
				CLANG_WARN_BOOL_CONVERSION = YES;
				CLANG_WARN_COMMA = YES;
				CLANG_WARN_CONSTANT_CONVERSION = YES;
				CLANG_WARN_DEPRECATED_OBJC_IMPLEMENTATIONS = YES;
				CLANG_WARN_DIRECT_OBJC_ISA_USAGE = YES_ERROR;
				CLANG_WARN_DOCUMENTATION_COMMENTS = YES;
				CLANG_WARN_EMPTY_BODY = YES;
				CLANG_WARN_ENUM_CONVERSION = YES;
				CLANG_WARN_INFINITE_RECURSION = YES;
				CLANG_WARN_INT_CONVERSION = YES;
				CLANG_WARN_NON_LITERAL_NULL_CONVERSION = YES;
				CLANG_WARN_OBJC_IMPLICIT_RETAIN_SELF = YES;
				CLANG_WARN_OBJC_LITERAL_CONVERSION = YES;
				CLANG_WARN_OBJC_ROOT_CLASS = YES_ERROR;
				CLANG_WARN_QUOTED_INCLUDE_IN_FRAMEWORK_HEADER = YES;
				CLANG_WARN_RANGE_LOOP_ANALYSIS = YES;
				CLANG_WARN_STRICT_PROTOTYPES = YES;
				CLANG_WARN_SUSPICIOUS_MOVE = YES;
				CLANG_WARN_UNGUARDED_AVAILABILITY = YES_AGGRESSIVE;
				CLANG_WARN_UNREACHABLE_CODE = YES;
				CLANG_WARN__DUPLICATE_METHOD_MATCH = YES;
				COPY_PHASE_STRIP = NO;
				DEBUG_INFORMATION_FORMAT = "dwarf-with-dsym";
				ENABLE_NS_ASSERTIONS = NO;
				ENABLE_STRICT_OBJC_MSGSEND = YES;
				GCC_C_LANGUAGE_STANDARD = gnu11;
				GCC_NO_COMMON_BLOCKS = YES;
				GCC_WARN_64_TO_32_BIT_CONVERSION = YES;
				GCC_WARN_ABOUT_RETURN_TYPE = YES_ERROR;
				GCC_WARN_UNDECLARED_SELECTOR = YES;
				GCC_WARN_UNINITIALIZED_AUTOS = YES_AGGRESSIVE;
				GCC_WARN_UNUSED_FUNCTION = YES;
				GCC_WARN_UNUSED_VARIABLE = YES;
				IPHONEOS_DEPLOYMENT_TARGET = 15.0;
				MTL_ENABLE_DEBUG_INFO = NO;
				MTL_FAST_MATH = YES;
				SDKROOT = iphoneos;
				SWIFT_COMPILATION_MODE = wholemodule;
				SWIFT_OPTIMIZATION_LEVEL = "-O";
				VALIDATE_PRODUCT = YES;
			};
			name = Release;
		};
		70F736F127355C300040B323 /* Debug */ = {
			isa = XCBuildConfiguration;
			baseConfigurationReference = 4280094A5D90C31160381CD6 /* Pods-Firechat.debug.xcconfig */;
			buildSettings = {
				ASSETCATALOG_COMPILER_APPICON_NAME = AppIcon;
				ASSETCATALOG_COMPILER_GLOBAL_ACCENT_COLOR_NAME = AccentColor;
				CODE_SIGN_STYLE = Automatic;
				CURRENT_PROJECT_VERSION = 1;
				DEVELOPMENT_TEAM = F5UN3Z7X2P;
				GENERATE_INFOPLIST_FILE = YES;
				INFOPLIST_FILE = Firechat/Info.plist;
				INFOPLIST_KEY_UIApplicationSupportsIndirectInputEvents = YES;
				INFOPLIST_KEY_UILaunchStoryboardName = LaunchScreen;
				INFOPLIST_KEY_UIMainStoryboardFile = Main;
				INFOPLIST_KEY_UISupportedInterfaceOrientations_iPad = "UIInterfaceOrientationPortrait UIInterfaceOrientationPortraitUpsideDown UIInterfaceOrientationLandscapeLeft UIInterfaceOrientationLandscapeRight";
				INFOPLIST_KEY_UISupportedInterfaceOrientations_iPhone = "UIInterfaceOrientationPortrait UIInterfaceOrientationLandscapeLeft UIInterfaceOrientationLandscapeRight";
				LD_RUNPATH_SEARCH_PATHS = (
					"$(inherited)",
					"@executable_path/Frameworks",
				);
				MARKETING_VERSION = 1.0;
				PRODUCT_BUNDLE_IDENTIFIER = com.alec.Firechat;
				PRODUCT_NAME = "$(TARGET_NAME)";
				SWIFT_EMIT_LOC_STRINGS = YES;
				SWIFT_VERSION = 5.0;
				TARGETED_DEVICE_FAMILY = "1,2";
			};
			name = Debug;
		};
		70F736F227355C300040B323 /* Release */ = {
			isa = XCBuildConfiguration;
			baseConfigurationReference = 0CAD4816B7D07D2E752BFA2F /* Pods-Firechat.release.xcconfig */;
			buildSettings = {
				ASSETCATALOG_COMPILER_APPICON_NAME = AppIcon;
				ASSETCATALOG_COMPILER_GLOBAL_ACCENT_COLOR_NAME = AccentColor;
				CODE_SIGN_STYLE = Automatic;
				CURRENT_PROJECT_VERSION = 1;
				DEVELOPMENT_TEAM = F5UN3Z7X2P;
				GENERATE_INFOPLIST_FILE = YES;
				INFOPLIST_FILE = Firechat/Info.plist;
				INFOPLIST_KEY_UIApplicationSupportsIndirectInputEvents = YES;
				INFOPLIST_KEY_UILaunchStoryboardName = LaunchScreen;
				INFOPLIST_KEY_UIMainStoryboardFile = Main;
				INFOPLIST_KEY_UISupportedInterfaceOrientations_iPad = "UIInterfaceOrientationPortrait UIInterfaceOrientationPortraitUpsideDown UIInterfaceOrientationLandscapeLeft UIInterfaceOrientationLandscapeRight";
				INFOPLIST_KEY_UISupportedInterfaceOrientations_iPhone = "UIInterfaceOrientationPortrait UIInterfaceOrientationLandscapeLeft UIInterfaceOrientationLandscapeRight";
				LD_RUNPATH_SEARCH_PATHS = (
					"$(inherited)",
					"@executable_path/Frameworks",
				);
				MARKETING_VERSION = 1.0;
				PRODUCT_BUNDLE_IDENTIFIER = com.alec.Firechat;
				PRODUCT_NAME = "$(TARGET_NAME)";
				SWIFT_EMIT_LOC_STRINGS = YES;
				SWIFT_VERSION = 5.0;
				TARGETED_DEVICE_FAMILY = "1,2";
			};
			name = Release;
		};
		70F736F427355C300040B323 /* Debug */ = {
			isa = XCBuildConfiguration;
			baseConfigurationReference = 7FD8DDC439192FD3297AC6F9 /* Pods-FirechatTests.debug.xcconfig */;
			buildSettings = {
				ALWAYS_EMBED_SWIFT_STANDARD_LIBRARIES = YES;
				BUNDLE_LOADER = "$(TEST_HOST)";
				CODE_SIGN_STYLE = Automatic;
				CURRENT_PROJECT_VERSION = 1;
				DEVELOPMENT_TEAM = F5UN3Z7X2P;
				GENERATE_INFOPLIST_FILE = YES;
				IPHONEOS_DEPLOYMENT_TARGET = 15.0;
				LD_RUNPATH_SEARCH_PATHS = (
					"$(inherited)",
					"@executable_path/Frameworks",
					"@loader_path/Frameworks",
				);
				MARKETING_VERSION = 1.0;
				PRODUCT_BUNDLE_IDENTIFIER = com.alec.FirechatTests;
				PRODUCT_NAME = "$(TARGET_NAME)";
				SWIFT_EMIT_LOC_STRINGS = NO;
				SWIFT_VERSION = 5.0;
				TARGETED_DEVICE_FAMILY = "1,2";
				TEST_HOST = "$(BUILT_PRODUCTS_DIR)/Firechat.app/Firechat";
			};
			name = Debug;
		};
		70F736F527355C300040B323 /* Release */ = {
			isa = XCBuildConfiguration;
			baseConfigurationReference = 0F59109DC1016A6B08375A10 /* Pods-FirechatTests.release.xcconfig */;
			buildSettings = {
				ALWAYS_EMBED_SWIFT_STANDARD_LIBRARIES = YES;
				BUNDLE_LOADER = "$(TEST_HOST)";
				CODE_SIGN_STYLE = Automatic;
				CURRENT_PROJECT_VERSION = 1;
				DEVELOPMENT_TEAM = F5UN3Z7X2P;
				GENERATE_INFOPLIST_FILE = YES;
				IPHONEOS_DEPLOYMENT_TARGET = 15.0;
				LD_RUNPATH_SEARCH_PATHS = (
					"$(inherited)",
					"@executable_path/Frameworks",
					"@loader_path/Frameworks",
				);
				MARKETING_VERSION = 1.0;
				PRODUCT_BUNDLE_IDENTIFIER = com.alec.FirechatTests;
				PRODUCT_NAME = "$(TARGET_NAME)";
				SWIFT_EMIT_LOC_STRINGS = NO;
				SWIFT_VERSION = 5.0;
				TARGETED_DEVICE_FAMILY = "1,2";
				TEST_HOST = "$(BUILT_PRODUCTS_DIR)/Firechat.app/Firechat";
			};
			name = Release;
		};
		70F736F727355C300040B323 /* Debug */ = {
			isa = XCBuildConfiguration;
			baseConfigurationReference = D3BBB4BE0D7F3A809190E9C1 /* Pods-Firechat-FirechatUITests.debug.xcconfig */;
			buildSettings = {
				ALWAYS_EMBED_SWIFT_STANDARD_LIBRARIES = YES;
				CODE_SIGN_STYLE = Automatic;
				CURRENT_PROJECT_VERSION = 1;
				DEVELOPMENT_TEAM = F5UN3Z7X2P;
				GENERATE_INFOPLIST_FILE = YES;
				LD_RUNPATH_SEARCH_PATHS = (
					"$(inherited)",
					"@executable_path/Frameworks",
					"@loader_path/Frameworks",
				);
				MARKETING_VERSION = 1.0;
				PRODUCT_BUNDLE_IDENTIFIER = com.alec.FirechatUITests;
				PRODUCT_NAME = "$(TARGET_NAME)";
				SWIFT_EMIT_LOC_STRINGS = NO;
				SWIFT_VERSION = 5.0;
				TARGETED_DEVICE_FAMILY = "1,2";
				TEST_TARGET_NAME = Firechat;
			};
			name = Debug;
		};
		70F736F827355C300040B323 /* Release */ = {
			isa = XCBuildConfiguration;
			baseConfigurationReference = F29C31E0AD1A3DD8E8F1EE42 /* Pods-Firechat-FirechatUITests.release.xcconfig */;
			buildSettings = {
				ALWAYS_EMBED_SWIFT_STANDARD_LIBRARIES = YES;
				CODE_SIGN_STYLE = Automatic;
				CURRENT_PROJECT_VERSION = 1;
				DEVELOPMENT_TEAM = F5UN3Z7X2P;
				GENERATE_INFOPLIST_FILE = YES;
				LD_RUNPATH_SEARCH_PATHS = (
					"$(inherited)",
					"@executable_path/Frameworks",
					"@loader_path/Frameworks",
				);
				MARKETING_VERSION = 1.0;
				PRODUCT_BUNDLE_IDENTIFIER = com.alec.FirechatUITests;
				PRODUCT_NAME = "$(TARGET_NAME)";
				SWIFT_EMIT_LOC_STRINGS = NO;
				SWIFT_VERSION = 5.0;
				TARGETED_DEVICE_FAMILY = "1,2";
				TEST_TARGET_NAME = Firechat;
			};
			name = Release;
		};
/* End XCBuildConfiguration section */

/* Begin XCConfigurationList section */
		70F736C127355C2F0040B323 /* Build configuration list for PBXProject "Firechat" */ = {
			isa = XCConfigurationList;
			buildConfigurations = (
				70F736EE27355C300040B323 /* Debug */,
				70F736EF27355C300040B323 /* Release */,
			);
			defaultConfigurationIsVisible = 0;
			defaultConfigurationName = Release;
		};
		70F736F027355C300040B323 /* Build configuration list for PBXNativeTarget "Firechat" */ = {
			isa = XCConfigurationList;
			buildConfigurations = (
				70F736F127355C300040B323 /* Debug */,
				70F736F227355C300040B323 /* Release */,
			);
			defaultConfigurationIsVisible = 0;
			defaultConfigurationName = Release;
		};
		70F736F327355C300040B323 /* Build configuration list for PBXNativeTarget "FirechatTests" */ = {
			isa = XCConfigurationList;
			buildConfigurations = (
				70F736F427355C300040B323 /* Debug */,
				70F736F527355C300040B323 /* Release */,
			);
			defaultConfigurationIsVisible = 0;
			defaultConfigurationName = Release;
		};
		70F736F627355C300040B323 /* Build configuration list for PBXNativeTarget "FirechatUITests" */ = {
			isa = XCConfigurationList;
			buildConfigurations = (
				70F736F727355C300040B323 /* Debug */,
				70F736F827355C300040B323 /* Release */,
			);
			defaultConfigurationIsVisible = 0;
			defaultConfigurationName = Release;
		};
/* End XCConfigurationList section */
	};
	rootObject = 70F736BE27355C2F0040B323 /* Project object */;
}
